
Microsoft Visual Studio Solution File, Format Version 12.00
# Visual Studio Version 16
VisualStudioVersion = 16.0.34114.132
MinimumVisualStudioVersion = 10.0.40219.1
Project("{FAE04EC0-301F-11D3-BF4B-00C04F79EFBC}") = "DoubleTFurniture", "DoubleTFurniture.csproj", "{0CF76C73-AB92-4E72-A494-F46DA0E08EAC}"
EndProject
Global
	GlobalSection(SolutionConfigurationPlatforms) = preSolution
		Debug|Any CPU = Debug|Any CPU
		Release|Any CPU = Release|Any CPU
	EndGlobalSection
	GlobalSection(ProjectConfigurationPlatforms) = postSolution
		{0CF76C73-AB92-4E72-A494-F46DA0E08EAC}.Debug|Any CPU.ActiveCfg = Debug|Any CPU
		{0CF76C73-AB92-4E72-A494-F46DA0E08EAC}.Debug|Any CPU.Build.0 = Debug|Any CPU
		{0CF76C73-AB92-4E72-A494-F46DA0E08EAC}.Release|Any CPU.ActiveCfg = Release|Any CPU
		{0CF76C73-AB92-4E72-A494-F46DA0E08EAC}.Release|Any CPU.Build.0 = Release|Any CPU
	EndGlobalSection
	GlobalSection(SolutionProperties) = preSolution
		HideSolutionNode = FALSE
	EndGlobalSection
	GlobalSection(ExtensibilityGlobals) = postSolution
		SolutionGuid = {5FEDAFB5-25CB-496B-88C7-A3B41C9E3ED6}
	EndGlobalSection
EndGlobal
